
Microsoft Visual Studio Solution File, Format Version 12.00
# Visual Studio Version 17
VisualStudioVersion = 17.3.32825.248
MinimumVisualStudioVersion = 10.0.40219.1
Project("{FAE04EC0-301F-11D3-BF4B-00C04F79EFBC}") = "pianino2", "pianino2\pianino2.csproj", "{AEBD7C67-A267-43AA-B73C-0DE0E5F80E30}"
EndProject
Global
	GlobalSection(SolutionConfigurationPlatforms) = preSolution
		Debug|Any CPU = Debug|Any CPU
		Release|Any CPU = Release|Any CPU
	EndGlobalSection
	GlobalSection(ProjectConfigurationPlatforms) = postSolution
		{AEBD7C67-A267-43AA-B73C-0DE0E5F80E30}.Debug|Any CPU.ActiveCfg = Debug|Any CPU
		{AEBD7C67-A267-43AA-B73C-0DE0E5F80E30}.Debug|Any CPU.Build.0 = Debug|Any CPU
		{AEBD7C67-A267-43AA-B73C-0DE0E5F80E30}.Release|Any CPU.ActiveCfg = Release|Any CPU
		{AEBD7C67-A267-43AA-B73C-0DE0E5F80E30}.Release|Any CPU.Build.0 = Release|Any CPU
	EndGlobalSection
	GlobalSection(SolutionProperties) = preSolution
		HideSolutionNode = FALSE
	EndGlobalSection
	GlobalSection(ExtensibilityGlobals) = postSolution
		SolutionGuid = {4AE32249-661E-4285-ADA2-2F80951780B5}
	EndGlobalSection
EndGlobal
